
Microsoft Visual Studio Solution File, Format Version 12.00
# Visual Studio Version 17
VisualStudioVersion = 17.13.35818.85 d17.13
MinimumVisualStudioVersion = 10.0.40219.1
Project("{FAE04EC0-301F-11D3-BF4B-00C04F79EFBC}") = "CRMApp", "CRMApp.csproj", "{A67AD934-40CE-4FED-A5E1-5004F9482D7B}"
EndProject
Global
	GlobalSection(SolutionConfigurationPlatforms) = preSolution
		Debug|Any CPU = Debug|Any CPU
		Release|Any CPU = Release|Any CPU
	EndGlobalSection
	GlobalSection(ProjectConfigurationPlatforms) = postSolution
		{A67AD934-40CE-4FED-A5E1-5004F9482D7B}.Debug|Any CPU.ActiveCfg = Debug|Any CPU
		{A67AD934-40CE-4FED-A5E1-5004F9482D7B}.Debug|Any CPU.Build.0 = Debug|Any CPU
		{A67AD934-40CE-4FED-A5E1-5004F9482D7B}.Release|Any CPU.ActiveCfg = Release|Any CPU
		{A67AD934-40CE-4FED-A5E1-5004F9482D7B}.Release|Any CPU.Build.0 = Release|Any CPU
	EndGlobalSection
	GlobalSection(SolutionProperties) = preSolution
		HideSolutionNode = FALSE
	EndGlobalSection
	GlobalSection(ExtensibilityGlobals) = postSolution
		SolutionGuid = {B4B49CCD-1D8B-4F50-BAB4-76779D5C4BF3}
	EndGlobalSection
EndGlobal
